
Microsoft Visual Studio Solution File, Format Version 12.00
# Visual Studio Version 16
VisualStudioVersion = 16.0.31424.327
MinimumVisualStudioVersion = 10.0.40219.1
Project("{FAE04EC0-301F-11D3-BF4B-00C04F79EFBC}") = "WildRpcApiGenerator", "WildRpcApiGenerator.csproj", "{F877F7C0-175D-491F-93F5-9AAC2D822FDE}"
EndProject
Global
	GlobalSection(SolutionConfigurationPlatforms) = preSolution
		Debug|Any CPU = Debug|Any CPU
		Release|Any CPU = Release|Any CPU
	EndGlobalSection
	GlobalSection(ProjectConfigurationPlatforms) = postSolution
		{F877F7C0-175D-491F-93F5-9AAC2D822FDE}.Debug|Any CPU.ActiveCfg = Debug|Any CPU
		{F877F7C0-175D-491F-93F5-9AAC2D822FDE}.Debug|Any CPU.Build.0 = Debug|Any CPU
		{F877F7C0-175D-491F-93F5-9AAC2D822FDE}.Release|Any CPU.ActiveCfg = Release|Any CPU
		{F877F7C0-175D-491F-93F5-9AAC2D822FDE}.Release|Any CPU.Build.0 = Release|Any CPU
	EndGlobalSection
	GlobalSection(SolutionProperties) = preSolution
		HideSolutionNode = FALSE
	EndGlobalSection
	GlobalSection(ExtensibilityGlobals) = postSolution
		SolutionGuid = {C060CFAC-5EE5-4116-A0DA-A544CF114678}
	EndGlobalSection
EndGlobal
